{
  "name": "sprint-8-dev",
  "version": "1.0.0",
  "lockfileVersion": 3,
  "requires": true,
  "packages": {
    "": {
      "name": "sprint-8-dev",
      "version": "1.0.0",
      "license": "ISC",
      "dependencies": {
        "sprint-8-dev": "file:"
      }
    },
    "node_modules/sprint-8-dev": {
      "resolved": "",
      "link": true
    }
  }
}
